<Solution>
  <Folder Name="/src/">
    <Project Path="src/Domain/DataProcessorService.Domain.csproj" />
    <Project Path="src/Application/DataProcessorService.Application.csproj" />
    <Project Path="src/Infrastructure/DataProcessorService.Infrastructure.csproj" />
    <Project Path="src/Api/DataProcessorService.Api.csproj" />
  </Folder>
  <Folder Name="/tests/">
    <Project Path="tests/UnitTests/DataProcessorService.UnitTests.csproj" />
    <Project Path="tests/IntegrationTests/DataProcessorService.IntegrationTests.csproj" />
  </Folder>
</Solution>
